
Microsoft Visual Studio Solution File, Format Version 12.00
# Visual Studio 2013
VisualStudioVersion = 12.0.21005.1
MinimumVisualStudioVersion = 10.0.40219.1
Project("{FAE04EC0-301F-11D3-BF4B-00C04F79EFBC}") = "API", "API\API.csproj", "{50CD5E2A-0DC0-461F-ADE2-4B6D84F823FB}"
EndProject
Project("{FAE04EC0-301F-11D3-BF4B-00C04F79EFBC}") = "API.Models", "API.Models\API.Models.csproj", "{41840EB9-9EDA-4336-9B32-7AFB13D9CE9E}"
EndProject
Project("{FAE04EC0-301F-11D3-BF4B-00C04F79EFBC}") = "API.Repositories", "API.Repositories\API.Repositories.csproj", "{FC8BBAAB-249B-44A9-B676-C1AD6BA034D7}"
EndProject
Global
	GlobalSection(SolutionConfigurationPlatforms) = preSolution
		Debug|x64 = Debug|x64
		Release|x64 = Release|x64
	EndGlobalSection
	GlobalSection(ProjectConfigurationPlatforms) = postSolution
		{50CD5E2A-0DC0-461F-ADE2-4B6D84F823FB}.Debug|x64.ActiveCfg = Debug|x64
		{50CD5E2A-0DC0-461F-ADE2-4B6D84F823FB}.Debug|x64.Build.0 = Debug|x64
		{50CD5E2A-0DC0-461F-ADE2-4B6D84F823FB}.Release|x64.ActiveCfg = Release|x64
		{50CD5E2A-0DC0-461F-ADE2-4B6D84F823FB}.Release|x64.Build.0 = Release|x64
		{41840EB9-9EDA-4336-9B32-7AFB13D9CE9E}.Debug|x64.ActiveCfg = Debug|x64
		{41840EB9-9EDA-4336-9B32-7AFB13D9CE9E}.Debug|x64.Build.0 = Debug|x64
		{41840EB9-9EDA-4336-9B32-7AFB13D9CE9E}.Release|x64.ActiveCfg = Release|x64
		{41840EB9-9EDA-4336-9B32-7AFB13D9CE9E}.Release|x64.Build.0 = Release|x64
		{FC8BBAAB-249B-44A9-B676-C1AD6BA034D7}.Debug|x64.ActiveCfg = Debug|x64
		{FC8BBAAB-249B-44A9-B676-C1AD6BA034D7}.Debug|x64.Build.0 = Debug|x64
		{FC8BBAAB-249B-44A9-B676-C1AD6BA034D7}.Release|x64.ActiveCfg = Release|x64
		{FC8BBAAB-249B-44A9-B676-C1AD6BA034D7}.Release|x64.Build.0 = Release|x64
	EndGlobalSection
	GlobalSection(SolutionProperties) = preSolution
		HideSolutionNode = FALSE
	EndGlobalSection
EndGlobal
